// !$*UTF8*$!
{
	archiveVersion = 1;
	classes = {
	};
	objectVersion = 46;
	objects = {

/* Begin PBXBuildFile section */
		D6276F431BD2D66F00A10C3D /* main.cpp in Sources */ = {isa = PBXBuildFile; fileRef = D6276F421BD2D66F00A10C3D /* main.cpp */; };
		D6276F4B1BD2D6A600A10C3D /* ManejoArchivo.cpp in Sources */ = {isa = PBXBuildFile; fileRef = D6276F491BD2D6A600A10C3D /* ManejoArchivo.cpp */; settings = {ASSET_TAGS = (); }; };
		D6276F4E1BD2F04500A10C3D /* Proceso.cpp in Sources */ = {isa = PBXBuildFile; fileRef = D6276F4D1BD2F04500A10C3D /* Proceso.cpp */; settings = {ASSET_TAGS = (); }; };
		D6276F511BD2F49C00A10C3D /* ManejoProcesos.cpp in Sources */ = {isa = PBXBuildFile; fileRef = D6276F501BD2F49C00A10C3D /* ManejoProcesos.cpp */; settings = {ASSET_TAGS = (); }; };
/* End PBXBuildFile section */

/* Begin PBXCopyFilesBuildPhase section */
		D6276F3D1BD2D66F00A10C3D /* CopyFiles */ = {
			isa = PBXCopyFilesBuildPhase;
			buildActionMask = 2147483647;
			dstPath = /usr/share/man/man1/;
			dstSubfolderSpec = 0;
			files = (
			);
			runOnlyForDeploymentPostprocessing = 1;
		};
/* End PBXCopyFilesBuildPhase section */

/* Begin PBXFileReference section */
		D6276F3F1BD2D66F00A10C3D /* Planificacion De Procesos */ = {isa = PBXFileReference; explicitFileType = "compiled.mach-o.executable"; includeInIndex = 0; path = "Planificacion De Procesos"; sourceTree = BUILT_PRODUCTS_DIR; };
		D6276F421BD2D66F00A10C3D /* main.cpp */ = {isa = PBXFileReference; lastKnownFileType = sourcecode.cpp.cpp; path = main.cpp; sourceTree = "<group>"; };
		D6276F491BD2D6A600A10C3D /* ManejoArchivo.cpp */ = {isa = PBXFileReference; fileEncoding = 4; lastKnownFileType = sourcecode.cpp.cpp; path = ManejoArchivo.cpp; sourceTree = "<group>"; };
		D6276F4A1BD2D6A600A10C3D /* ManejoArchivo.h */ = {isa = PBXFileReference; fileEncoding = 4; lastKnownFileType = sourcecode.c.h; path = ManejoArchivo.h; sourceTree = "<group>"; };
		D6276F4C1BD2F03800A10C3D /* Proceso.h */ = {isa = PBXFileReference; lastKnownFileType = sourcecode.c.h; path = Proceso.h; sourceTree = "<group>"; };
		D6276F4D1BD2F04500A10C3D /* Proceso.cpp */ = {isa = PBXFileReference; fileEncoding = 4; lastKnownFileType = sourcecode.cpp.cpp; path = Proceso.cpp; sourceTree = "<group>"; };
		D6276F4F1BD2F48F00A10C3D /* ManejoProcesos.h */ = {isa = PBXFileReference; lastKnownFileType = sourcecode.c.h; path = ManejoProcesos.h; sourceTree = "<group>"; };
		D6276F501BD2F49C00A10C3D /* ManejoProcesos.cpp */ = {isa = PBXFileReference; fileEncoding = 4; lastKnownFileType = sourcecode.cpp.cpp; path = ManejoProcesos.cpp; sourceTree = "<group>"; };
/* End PBXFileReference section */

/* Begin PBXFrameworksBuildPhase section */
		D6276F3C1BD2D66F00A10C3D /* Frameworks */ = {
			isa = PBXFrameworksBuildPhase;
			buildActionMask = 2147483647;
			files = (
			);
			runOnlyForDeploymentPostprocessing = 0;
		};
/* End PBXFrameworksBuildPhase section */

/* Begin PBXGroup section */
		D6276F361BD2D66F00A10C3D = {
			isa = PBXGroup;
			children = (
				D6276F411BD2D66F00A10C3D /* Planificacion-De-Procesos */,
				D6276F401BD2D66F00A10C3D /* Products */,
			);
			sourceTree = "<group>";
		};
		D6276F401BD2D66F00A10C3D /* Products */ = {
			isa = PBXGroup;
			children = (
				D6276F3F1BD2D66F00A10C3D /* Planificacion De Procesos */,
			);
			name = Products;
			sourceTree = "<group>";
		};
		D6276F411BD2D66F00A10C3D /* Planificacion-De-Procesos */ = {
			isa = PBXGroup;
			children = (
				D6276F4A1BD2D6A600A10C3D /* ManejoArchivo.h */,
				D6276F491BD2D6A600A10C3D /* ManejoArchivo.cpp */,
				D6276F4C1BD2F03800A10C3D /* Proceso.h */,
				D6276F4D1BD2F04500A10C3D /* Proceso.cpp */,
				D6276F4F1BD2F48F00A10C3D /* ManejoProcesos.h */,
				D6276F501BD2F49C00A10C3D /* ManejoProcesos.cpp */,
				D6276F421BD2D66F00A10C3D /* main.cpp */,
			);
			name = "Planificacion-De-Procesos";
			path = "Planificacion De Procesos";
			sourceTree = "<group>";
		};
/* End PBXGroup section */

/* Begin PBXNativeTarget section */
		D6276F3E1BD2D66F00A10C3D /* Planificacion De Procesos */ = {
			isa = PBXNativeTarget;
			buildConfigurationList = D6276F461BD2D66F00A10C3D /* Build configuration list for PBXNativeTarget "Planificacion De Procesos" */;
			buildPhases = (
				D6276F3B1BD2D66F00A10C3D /* Sources */,
				D6276F3C1BD2D66F00A10C3D /* Frameworks */,
				D6276F3D1BD2D66F00A10C3D /* CopyFiles */,
			);
			buildRules = (
			);
			dependencies = (
			);
			name = "Planificacion De Procesos";
			productName = "Planificacion De Procesos";
			productReference = D6276F3F1BD2D66F00A10C3D /* Planificacion De Procesos */;
			productType = "com.apple.product-type.tool";
		};
/* End PBXNativeTarget section */

/* Begin PBXProject section */
		D6276F371BD2D66F00A10C3D /* Project object */ = {
			isa = PBXProject;
			attributes = {
				LastUpgradeCheck = 0700;
				ORGANIZATIONNAME = Yoco;
				TargetAttributes = {
					D6276F3E1BD2D66F00A10C3D = {
						CreatedOnToolsVersion = 7.0;
					};
				};
			};
			buildConfigurationList = D6276F3A1BD2D66F00A10C3D /* Build configuration list for PBXProject "Planificacion-De-Procesos" */;
			compatibilityVersion = "Xcode 3.2";
			developmentRegion = English;
			hasScannedForEncodings = 0;
			knownRegions = (
				en,
			);
			mainGroup = D6276F361BD2D66F00A10C3D;
			productRefGroup = D6276F401BD2D66F00A10C3D /* Products */;
			projectDirPath = "";
			projectRoot = "";
			targets = (
				D6276F3E1BD2D66F00A10C3D /* Planificacion De Procesos */,
			);
		};
/* End PBXProject section */

/* Begin PBXSourcesBuildPhase section */
		D6276F3B1BD2D66F00A10C3D /* Sources */ = {
			isa = PBXSourcesBuildPhase;
			buildActionMask = 2147483647;
			files = (
				D6276F4B1BD2D6A600A10C3D /* ManejoArchivo.cpp in Sources */,
				D6276F431BD2D66F00A10C3D /* main.cpp in Sources */,
				D6276F4E1BD2F04500A10C3D /* Proceso.cpp in Sources */,
				D6276F511BD2F49C00A10C3D /* ManejoProcesos.cpp in Sources */,
			);
			runOnlyForDeploymentPostprocessing = 0;
		};
/* End PBXSourcesBuildPhase section */

/* Begin XCBuildConfiguration section */
		D6276F441BD2D66F00A10C3D /* Debug */ = {
			isa = XCBuildConfiguration;
			buildSettings = {
				ALWAYS_SEARCH_USER_PATHS = NO;
				CLANG_CXX_LANGUAGE_STANDARD = "gnu++0x";
				CLANG_CXX_LIBRARY = "libc++";
				CLANG_ENABLE_MODULES = YES;
				CLANG_ENABLE_OBJC_ARC = YES;
				CLANG_WARN_BOOL_CONVERSION = YES;
				CLANG_WARN_CONSTANT_CONVERSION = YES;
				CLANG_WARN_DIRECT_OBJC_ISA_USAGE = YES_ERROR;
				CLANG_WARN_EMPTY_BODY = YES;
				CLANG_WARN_ENUM_CONVERSION = YES;
				CLANG_WARN_INT_CONVERSION = YES;
				CLANG_WARN_OBJC_ROOT_CLASS = YES_ERROR;
				CLANG_WARN_UNREACHABLE_CODE = YES;
				CLANG_WARN__DUPLICATE_METHOD_MATCH = YES;
				COPY_PHASE_STRIP = NO;
				DEBUG_INFORMATION_FORMAT = dwarf;
				ENABLE_STRICT_OBJC_MSGSEND = YES;
				ENABLE_TESTABILITY = YES;
				GCC_C_LANGUAGE_STANDARD = gnu99;
				GCC_DYNAMIC_NO_PIC = NO;
				GCC_NO_COMMON_BLOCKS = YES;
				GCC_OPTIMIZATION_LEVEL = 0;
				GCC_PREPROCESSOR_DEFINITIONS = (
					"DEBUG=1",
					"$(inherited)",
				);
				GCC_WARN_64_TO_32_BIT_CONVERSION = YES;
				GCC_WARN_ABOUT_RETURN_TYPE = YES_ERROR;
				GCC_WARN_UNDECLARED_SELECTOR = YES;
				GCC_WARN_UNINITIALIZED_AUTOS = YES_AGGRESSIVE;
				GCC_WARN_UNUSED_FUNCTION = YES;
				GCC_WARN_UNUSED_VARIABLE = YES;
				MACOSX_DEPLOYMENT_TARGET = 10.11;
				MTL_ENABLE_DEBUG_INFO = YES;
				ONLY_ACTIVE_ARCH = YES;
				SDKROOT = macosx;
			};
			name = Debug;
		};
		D6276F451BD2D66F00A10C3D /* Release */ = {
			isa = XCBuildConfiguration;
			buildSettings = {
				ALWAYS_SEARCH_USER_PATHS = NO;
				CLANG_CXX_LANGUAGE_STANDARD = "gnu++0x";
				CLANG_CXX_LIBRARY = "libc++";
				CLANG_ENABLE_MODULES = YES;
				CLANG_ENABLE_OBJC_ARC = YES;
				CLANG_WARN_BOOL_CONVERSION = YES;
				CLANG_WARN_CONSTANT_CONVERSION = YES;
				CLANG_WARN_DIRECT_OBJC_ISA_USAGE = YES_ERROR;
				CLANG_WARN_EMPTY_BODY = YES;
				CLANG_WARN_ENUM_CONVERSION = YES;
				CLANG_WARN_INT_CONVERSION = YES;
				CLANG_WARN_OBJC_ROOT_CLASS = YES_ERROR;
				CLANG_WARN_UNREACHABLE_CODE = YES;
				CLANG_WARN__DUPLICATE_METHOD_MATCH = YES;
				COPY_PHASE_STRIP = NO;
				DEBUG_INFORMATION_FORMAT = "dwarf-with-dsym";
				ENABLE_NS_ASSERTIONS = NO;
				ENABLE_STRICT_OBJC_MSGSEND = YES;
				GCC_C_LANGUAGE_STANDARD = gnu99;
				GCC_NO_COMMON_BLOCKS = YES;
				GCC_WARN_64_TO_32_BIT_CONVERSION = YES;
				GCC_WARN_ABOUT_RETURN_TYPE = YES_ERROR;
				GCC_WARN_UNDECLARED_SELECTOR = YES;
				GCC_WARN_UNINITIALIZED_AUTOS = YES_AGGRESSIVE;
				GCC_WARN_UNUSED_FUNCTION = YES;
				GCC_WARN_UNUSED_VARIABLE = YES;
				MACOSX_DEPLOYMENT_TARGET = 10.11;
				MTL_ENABLE_DEBUG_INFO = NO;
				SDKROOT = macosx;
			};
			name = Release;
		};
		D6276F471BD2D66F00A10C3D /* Debug */ = {
			isa = XCBuildConfiguration;
			buildSettings = {
				PRODUCT_NAME = "$(TARGET_NAME)";
			};
			name = Debug;
		};
		D6276F481BD2D66F00A10C3D /* Release */ = {
			isa = XCBuildConfiguration;
			buildSettings = {
				PRODUCT_NAME = "$(TARGET_NAME)";
			};
			name = Release;
		};
/* End XCBuildConfiguration section */

/* Begin XCConfigurationList section */
		D6276F3A1BD2D66F00A10C3D /* Build configuration list for PBXProject "Planificacion-De-Procesos" */ = {
			isa = XCConfigurationList;
			buildConfigurations = (
				D6276F441BD2D66F00A10C3D /* Debug */,
				D6276F451BD2D66F00A10C3D /* Release */,
			);
			defaultConfigurationIsVisible = 0;
			defaultConfigurationName = Release;
		};
		D6276F461BD2D66F00A10C3D /* Build configuration list for PBXNativeTarget "Planificacion De Procesos" */ = {
			isa = XCConfigurationList;
			buildConfigurations = (
				D6276F471BD2D66F00A10C3D /* Debug */,
				D6276F481BD2D66F00A10C3D /* Release */,
			);
			defaultConfigurationIsVisible = 0;
			defaultConfigurationName = Release;
		};
/* End XCConfigurationList section */
	};
	rootObject = D6276F371BD2D66F00A10C3D /* Project object */;
}
